<Solution>
  <Folder Name="/src/">
    <Project Path="src/CicloSustentavel.Api/CicloSustentavel.Api.csproj" />
    <Project Path="src/CicloSustentavel.Application/CicloSustentavel.Application.csproj" />
    <Project Path="src/CicloSustentavel.Communication/CicloSustentavel.Communication.csproj" />
    <Project Path="src/CicloSustentavel.Domain/CicloSustentavel.Domain.csproj" />
    <Project Path="src/CicloSustentavel.Infrastructure/CicloSustentavel.Infrastructure.csproj" />
  </Folder>
</Solution>